
Microsoft Visual Studio Solution File, Format Version 12.00
# Visual Studio Version 16
VisualStudioVersion = 16.0.31410.357
MinimumVisualStudioVersion = 10.0.40219.1
Project("{9A19103F-16F7-4668-BE54-9A1E7A4F7556}") = "Krystal.Services.Identity", "Krystal.Services.Identity\Krystal.Services.Identity.csproj", "{0E5A93D1-F681-44FE-AB7C-6C7BAF77058B}"
EndProject
Project("{2150E333-8FDC-42A3-9474-1A3956D46DE8}") = "Services", "Services", "{FAC96066-51A1-41BB-A44D-07F0CA40E14F}"
EndProject
Project("{9A19103F-16F7-4668-BE54-9A1E7A4F7556}") = "Krystal.Services.Analytics", "Krystal.Services.Analytics\Krystal.Services.Analytics.csproj", "{2BD1217A-D4DB-4CD0-8788-86993A81D774}"
EndProject
Project("{9A19103F-16F7-4668-BE54-9A1E7A4F7556}") = "Krystal.Services.Endpoint", "Krystal.Services.Endpoint\Krystal.Services.Endpoint.csproj", "{484592DE-691F-4CBA-A0EC-EA6F5B69FA2C}"
EndProject
Project("{9A19103F-16F7-4668-BE54-9A1E7A4F7556}") = "Krystal.Services.Admin", "Krystal.Services.Admin\Krystal.Services.Admin.csproj", "{ACCA2D38-FDAE-4C53-A093-532821AC8D37}"
EndProject
Project("{9A19103F-16F7-4668-BE54-9A1E7A4F7556}") = "Krystal.Web", "Krystal.Web\Krystal.Web.csproj", "{10646A81-9F86-4CEA-8B02-CA981158F755}"
EndProject
Project("{FAE04EC0-301F-11D3-BF4B-00C04F79EFBC}") = "Krystal.Services.Admin.Business", "Krystal.Services.Admin.Business\Krystal.Services.Admin.Business.csproj", "{2A8003DB-3D7B-4520-A1F2-3450E7CEECEF}"
EndProject
Project("{FAE04EC0-301F-11D3-BF4B-00C04F79EFBC}") = "Krystal.Services.Admin.Database", "Krystal.Services.Admin.Database\Krystal.Services.Admin.Database.csproj", "{36D9283A-EE0E-4F85-9970-80158A81ED8F}"
EndProject
Project("{2150E333-8FDC-42A3-9474-1A3956D46DE8}") = "Admin", "Admin", "{A481E0D9-8A2C-44D8-B94A-9CA7C6D9A34A}"
EndProject
Project("{FAE04EC0-301F-11D3-BF4B-00C04F79EFBC}") = "Krystal.Services.Analytics.Business", "Krystal.Services.Analytics.Business\Krystal.Services.Analytics.Business.csproj", "{FDD5185C-9818-4DEA-83A9-AEDB54D611FA}"
EndProject
Project("{FAE04EC0-301F-11D3-BF4B-00C04F79EFBC}") = "Krystal.Services.Analytics.Database", "Krystal.Services.Analytics.Database\Krystal.Services.Analytics.Database.csproj", "{B1758A34-DA79-4052-9619-5256946F3151}"
EndProject
Project("{2150E333-8FDC-42A3-9474-1A3956D46DE8}") = "Analytics", "Analytics", "{52BDC930-027F-4145-90F6-B84CF106811B}"
EndProject
Project("{FAE04EC0-301F-11D3-BF4B-00C04F79EFBC}") = "Krystal.Services.Endpoint.Business", "Krystal.Services.Endpoint.Business\Krystal.Services.Endpoint.Business.csproj", "{33B973B5-1A0E-4B7E-89D4-475D6224819C}"
EndProject
Project("{FAE04EC0-301F-11D3-BF4B-00C04F79EFBC}") = "Krystal.Services.Endpoint.Database", "Krystal.Services.Endpoint.Database\Krystal.Services.Endpoint.Database.csproj", "{3899FC30-D824-4EBB-A824-7940145B2164}"
EndProject
Project("{2150E333-8FDC-42A3-9474-1A3956D46DE8}") = "Endpoint", "Endpoint", "{5D7207BC-DCE4-4FF2-A200-F5A09609241B}"
EndProject
Project("{FAE04EC0-301F-11D3-BF4B-00C04F79EFBC}") = "Krystal.Services.Identity.Business", "Krystal.Services.Identity.Business\Krystal.Services.Identity.Business.csproj", "{30971FE0-0B5F-44DC-BDF3-9C8B2AF48EE0}"
EndProject
Project("{FAE04EC0-301F-11D3-BF4B-00C04F79EFBC}") = "Krystal.Services.Identity.Database", "Krystal.Services.Identity.Database\Krystal.Services.Identity.Database.csproj", "{81773215-5370-4058-91B9-F1C2D8FEFAC5}"
EndProject
Project("{2150E333-8FDC-42A3-9474-1A3956D46DE8}") = "Identity", "Identity", "{9532A1FC-73D4-4D1D-90D6-D54DA07A8666}"
EndProject
Project("{FAE04EC0-301F-11D3-BF4B-00C04F79EFBC}") = "Krystal.Services.Admin.Domain", "Krystal.Services.Admin.Domain\Krystal.Services.Admin.Domain.csproj", "{1C5BD917-4B2E-42EB-A662-20C7D9484AA6}"
EndProject
Project("{FAE04EC0-301F-11D3-BF4B-00C04F79EFBC}") = "Krystal.Services.Endpoint.Domain", "Krystal.Services.Endpoint.Domain\Krystal.Services.Endpoint.Domain.csproj", "{C7456E03-7674-4DEA-8CAB-31329AE49E53}"
EndProject
Project("{FAE04EC0-301F-11D3-BF4B-00C04F79EFBC}") = "Krystal.Services.Identity.Domain", "Krystal.Services.Identity.Domain\Krystal.Services.Identity.Domain.csproj", "{CDD91425-B8AC-4A46-A719-1AD6319440EA}"
EndProject
Project("{FAE04EC0-301F-11D3-BF4B-00C04F79EFBC}") = "Krystal.Services.Analytics.Domain", "Krystal.Services.Analytics.Domain\Krystal.Services.Analytics.Domain.csproj", "{F74F26AE-2ECB-499D-8FF4-A6AF1ACA627C}"
EndProject
Global
	GlobalSection(SolutionConfigurationPlatforms) = preSolution
		Debug|Any CPU = Debug|Any CPU
		Release|Any CPU = Release|Any CPU
	EndGlobalSection
	GlobalSection(ProjectConfigurationPlatforms) = postSolution
		{0E5A93D1-F681-44FE-AB7C-6C7BAF77058B}.Debug|Any CPU.ActiveCfg = Debug|Any CPU
		{0E5A93D1-F681-44FE-AB7C-6C7BAF77058B}.Debug|Any CPU.Build.0 = Debug|Any CPU
		{0E5A93D1-F681-44FE-AB7C-6C7BAF77058B}.Release|Any CPU.ActiveCfg = Release|Any CPU
		{0E5A93D1-F681-44FE-AB7C-6C7BAF77058B}.Release|Any CPU.Build.0 = Release|Any CPU
		{2BD1217A-D4DB-4CD0-8788-86993A81D774}.Debug|Any CPU.ActiveCfg = Debug|Any CPU
		{2BD1217A-D4DB-4CD0-8788-86993A81D774}.Debug|Any CPU.Build.0 = Debug|Any CPU
		{2BD1217A-D4DB-4CD0-8788-86993A81D774}.Release|Any CPU.ActiveCfg = Release|Any CPU
		{2BD1217A-D4DB-4CD0-8788-86993A81D774}.Release|Any CPU.Build.0 = Release|Any CPU
		{484592DE-691F-4CBA-A0EC-EA6F5B69FA2C}.Debug|Any CPU.ActiveCfg = Debug|Any CPU
		{484592DE-691F-4CBA-A0EC-EA6F5B69FA2C}.Debug|Any CPU.Build.0 = Debug|Any CPU
		{484592DE-691F-4CBA-A0EC-EA6F5B69FA2C}.Release|Any CPU.ActiveCfg = Release|Any CPU
		{484592DE-691F-4CBA-A0EC-EA6F5B69FA2C}.Release|Any CPU.Build.0 = Release|Any CPU
		{ACCA2D38-FDAE-4C53-A093-532821AC8D37}.Debug|Any CPU.ActiveCfg = Debug|Any CPU
		{ACCA2D38-FDAE-4C53-A093-532821AC8D37}.Debug|Any CPU.Build.0 = Debug|Any CPU
		{ACCA2D38-FDAE-4C53-A093-532821AC8D37}.Release|Any CPU.ActiveCfg = Release|Any CPU
		{ACCA2D38-FDAE-4C53-A093-532821AC8D37}.Release|Any CPU.Build.0 = Release|Any CPU
		{10646A81-9F86-4CEA-8B02-CA981158F755}.Debug|Any CPU.ActiveCfg = Debug|Any CPU
		{10646A81-9F86-4CEA-8B02-CA981158F755}.Debug|Any CPU.Build.0 = Debug|Any CPU
		{10646A81-9F86-4CEA-8B02-CA981158F755}.Release|Any CPU.ActiveCfg = Release|Any CPU
		{10646A81-9F86-4CEA-8B02-CA981158F755}.Release|Any CPU.Build.0 = Release|Any CPU
		{2A8003DB-3D7B-4520-A1F2-3450E7CEECEF}.Debug|Any CPU.ActiveCfg = Debug|Any CPU
		{2A8003DB-3D7B-4520-A1F2-3450E7CEECEF}.Debug|Any CPU.Build.0 = Debug|Any CPU
		{2A8003DB-3D7B-4520-A1F2-3450E7CEECEF}.Release|Any CPU.ActiveCfg = Release|Any CPU
		{2A8003DB-3D7B-4520-A1F2-3450E7CEECEF}.Release|Any CPU.Build.0 = Release|Any CPU
		{36D9283A-EE0E-4F85-9970-80158A81ED8F}.Debug|Any CPU.ActiveCfg = Debug|Any CPU
		{36D9283A-EE0E-4F85-9970-80158A81ED8F}.Debug|Any CPU.Build.0 = Debug|Any CPU
		{36D9283A-EE0E-4F85-9970-80158A81ED8F}.Release|Any CPU.ActiveCfg = Release|Any CPU
		{36D9283A-EE0E-4F85-9970-80158A81ED8F}.Release|Any CPU.Build.0 = Release|Any CPU
		{FDD5185C-9818-4DEA-83A9-AEDB54D611FA}.Debug|Any CPU.ActiveCfg = Debug|Any CPU
		{FDD5185C-9818-4DEA-83A9-AEDB54D611FA}.Debug|Any CPU.Build.0 = Debug|Any CPU
		{FDD5185C-9818-4DEA-83A9-AEDB54D611FA}.Release|Any CPU.ActiveCfg = Release|Any CPU
		{FDD5185C-9818-4DEA-83A9-AEDB54D611FA}.Release|Any CPU.Build.0 = Release|Any CPU
		{B1758A34-DA79-4052-9619-5256946F3151}.Debug|Any CPU.ActiveCfg = Debug|Any CPU
		{B1758A34-DA79-4052-9619-5256946F3151}.Debug|Any CPU.Build.0 = Debug|Any CPU
		{B1758A34-DA79-4052-9619-5256946F3151}.Release|Any CPU.ActiveCfg = Release|Any CPU
		{B1758A34-DA79-4052-9619-5256946F3151}.Release|Any CPU.Build.0 = Release|Any CPU
		{33B973B5-1A0E-4B7E-89D4-475D6224819C}.Debug|Any CPU.ActiveCfg = Debug|Any CPU
		{33B973B5-1A0E-4B7E-89D4-475D6224819C}.Debug|Any CPU.Build.0 = Debug|Any CPU
		{33B973B5-1A0E-4B7E-89D4-475D6224819C}.Release|Any CPU.ActiveCfg = Release|Any CPU
		{33B973B5-1A0E-4B7E-89D4-475D6224819C}.Release|Any CPU.Build.0 = Release|Any CPU
		{3899FC30-D824-4EBB-A824-7940145B2164}.Debug|Any CPU.ActiveCfg = Debug|Any CPU
		{3899FC30-D824-4EBB-A824-7940145B2164}.Debug|Any CPU.Build.0 = Debug|Any CPU
		{3899FC30-D824-4EBB-A824-7940145B2164}.Release|Any CPU.ActiveCfg = Release|Any CPU
		{3899FC30-D824-4EBB-A824-7940145B2164}.Release|Any CPU.Build.0 = Release|Any CPU
		{30971FE0-0B5F-44DC-BDF3-9C8B2AF48EE0}.Debug|Any CPU.ActiveCfg = Debug|Any CPU
		{30971FE0-0B5F-44DC-BDF3-9C8B2AF48EE0}.Debug|Any CPU.Build.0 = Debug|Any CPU
		{30971FE0-0B5F-44DC-BDF3-9C8B2AF48EE0}.Release|Any CPU.ActiveCfg = Release|Any CPU
		{30971FE0-0B5F-44DC-BDF3-9C8B2AF48EE0}.Release|Any CPU.Build.0 = Release|Any CPU
		{81773215-5370-4058-91B9-F1C2D8FEFAC5}.Debug|Any CPU.ActiveCfg = Debug|Any CPU
		{81773215-5370-4058-91B9-F1C2D8FEFAC5}.Debug|Any CPU.Build.0 = Debug|Any CPU
		{81773215-5370-4058-91B9-F1C2D8FEFAC5}.Release|Any CPU.ActiveCfg = Release|Any CPU
		{81773215-5370-4058-91B9-F1C2D8FEFAC5}.Release|Any CPU.Build.0 = Release|Any CPU
		{1C5BD917-4B2E-42EB-A662-20C7D9484AA6}.Debug|Any CPU.ActiveCfg = Debug|Any CPU
		{1C5BD917-4B2E-42EB-A662-20C7D9484AA6}.Debug|Any CPU.Build.0 = Debug|Any CPU
		{1C5BD917-4B2E-42EB-A662-20C7D9484AA6}.Release|Any CPU.ActiveCfg = Release|Any CPU
		{1C5BD917-4B2E-42EB-A662-20C7D9484AA6}.Release|Any CPU.Build.0 = Release|Any CPU
		{C7456E03-7674-4DEA-8CAB-31329AE49E53}.Debug|Any CPU.ActiveCfg = Debug|Any CPU
		{C7456E03-7674-4DEA-8CAB-31329AE49E53}.Debug|Any CPU.Build.0 = Debug|Any CPU
		{C7456E03-7674-4DEA-8CAB-31329AE49E53}.Release|Any CPU.ActiveCfg = Release|Any CPU
		{C7456E03-7674-4DEA-8CAB-31329AE49E53}.Release|Any CPU.Build.0 = Release|Any CPU
		{CDD91425-B8AC-4A46-A719-1AD6319440EA}.Debug|Any CPU.ActiveCfg = Debug|Any CPU
		{CDD91425-B8AC-4A46-A719-1AD6319440EA}.Debug|Any CPU.Build.0 = Debug|Any CPU
		{CDD91425-B8AC-4A46-A719-1AD6319440EA}.Release|Any CPU.ActiveCfg = Release|Any CPU
		{CDD91425-B8AC-4A46-A719-1AD6319440EA}.Release|Any CPU.Build.0 = Release|Any CPU
		{F74F26AE-2ECB-499D-8FF4-A6AF1ACA627C}.Debug|Any CPU.ActiveCfg = Debug|Any CPU
		{F74F26AE-2ECB-499D-8FF4-A6AF1ACA627C}.Debug|Any CPU.Build.0 = Debug|Any CPU
		{F74F26AE-2ECB-499D-8FF4-A6AF1ACA627C}.Release|Any CPU.ActiveCfg = Release|Any CPU
		{F74F26AE-2ECB-499D-8FF4-A6AF1ACA627C}.Release|Any CPU.Build.0 = Release|Any CPU
	EndGlobalSection
	GlobalSection(SolutionProperties) = preSolution
		HideSolutionNode = FALSE
	EndGlobalSection
	GlobalSection(NestedProjects) = preSolution
		{0E5A93D1-F681-44FE-AB7C-6C7BAF77058B} = {9532A1FC-73D4-4D1D-90D6-D54DA07A8666}
		{2BD1217A-D4DB-4CD0-8788-86993A81D774} = {52BDC930-027F-4145-90F6-B84CF106811B}
		{484592DE-691F-4CBA-A0EC-EA6F5B69FA2C} = {5D7207BC-DCE4-4FF2-A200-F5A09609241B}
		{ACCA2D38-FDAE-4C53-A093-532821AC8D37} = {A481E0D9-8A2C-44D8-B94A-9CA7C6D9A34A}
		{2A8003DB-3D7B-4520-A1F2-3450E7CEECEF} = {A481E0D9-8A2C-44D8-B94A-9CA7C6D9A34A}
		{36D9283A-EE0E-4F85-9970-80158A81ED8F} = {A481E0D9-8A2C-44D8-B94A-9CA7C6D9A34A}
		{A481E0D9-8A2C-44D8-B94A-9CA7C6D9A34A} = {FAC96066-51A1-41BB-A44D-07F0CA40E14F}
		{FDD5185C-9818-4DEA-83A9-AEDB54D611FA} = {52BDC930-027F-4145-90F6-B84CF106811B}
		{B1758A34-DA79-4052-9619-5256946F3151} = {52BDC930-027F-4145-90F6-B84CF106811B}
		{52BDC930-027F-4145-90F6-B84CF106811B} = {FAC96066-51A1-41BB-A44D-07F0CA40E14F}
		{33B973B5-1A0E-4B7E-89D4-475D6224819C} = {5D7207BC-DCE4-4FF2-A200-F5A09609241B}
		{3899FC30-D824-4EBB-A824-7940145B2164} = {5D7207BC-DCE4-4FF2-A200-F5A09609241B}
		{5D7207BC-DCE4-4FF2-A200-F5A09609241B} = {FAC96066-51A1-41BB-A44D-07F0CA40E14F}
		{30971FE0-0B5F-44DC-BDF3-9C8B2AF48EE0} = {9532A1FC-73D4-4D1D-90D6-D54DA07A8666}
		{81773215-5370-4058-91B9-F1C2D8FEFAC5} = {9532A1FC-73D4-4D1D-90D6-D54DA07A8666}
		{9532A1FC-73D4-4D1D-90D6-D54DA07A8666} = {FAC96066-51A1-41BB-A44D-07F0CA40E14F}
		{1C5BD917-4B2E-42EB-A662-20C7D9484AA6} = {A481E0D9-8A2C-44D8-B94A-9CA7C6D9A34A}
		{C7456E03-7674-4DEA-8CAB-31329AE49E53} = {5D7207BC-DCE4-4FF2-A200-F5A09609241B}
		{CDD91425-B8AC-4A46-A719-1AD6319440EA} = {9532A1FC-73D4-4D1D-90D6-D54DA07A8666}
		{F74F26AE-2ECB-499D-8FF4-A6AF1ACA627C} = {52BDC930-027F-4145-90F6-B84CF106811B}
	EndGlobalSection
	GlobalSection(ExtensibilityGlobals) = postSolution
		SolutionGuid = {1F2141FF-EEDE-41CA-9C5C-7D90BC764345}
	EndGlobalSection
EndGlobal
